// !$*UTF8*$!
{
	archiveVersion = 1;
	classes = {
	};
	objectVersion = 50;
	objects = {

/* Begin PBXBuildFile section */
		845E3EA822B492260042C201 /* IntroVC.swift in Sources */ = {isa = PBXBuildFile; fileRef = 845E3EA722B492260042C201 /* IntroVC.swift */; };
		845E3EAE22B52DFD0042C201 /* SignInVC.swift in Sources */ = {isa = PBXBuildFile; fileRef = 845E3EAD22B52DFD0042C201 /* SignInVC.swift */; };
		845E3EB022B52FED0042C201 /* UIStoryboardSegueWithCompletion.swift in Sources */ = {isa = PBXBuildFile; fileRef = 845E3EAF22B52FED0042C201 /* UIStoryboardSegueWithCompletion.swift */; };
		84CEC3A422B14754008A0196 /* AppDelegate.swift in Sources */ = {isa = PBXBuildFile; fileRef = 84CEC3A322B14754008A0196 /* AppDelegate.swift */; };
		84CEC3A622B14754008A0196 /* SceneDelegate.swift in Sources */ = {isa = PBXBuildFile; fileRef = 84CEC3A522B14754008A0196 /* SceneDelegate.swift */; };
		84CEC3A822B14754008A0196 /* ViewController.swift in Sources */ = {isa = PBXBuildFile; fileRef = 84CEC3A722B14754008A0196 /* ViewController.swift */; };
		84CEC3AB22B14754008A0196 /* Main.storyboard in Resources */ = {isa = PBXBuildFile; fileRef = 84CEC3A922B14754008A0196 /* Main.storyboard */; };
		84CEC3AE22B14754008A0196 /* KakaoSDK_sample.xcdatamodeld in Sources */ = {isa = PBXBuildFile; fileRef = 84CEC3AC22B14754008A0196 /* KakaoSDK_sample.xcdatamodeld */; };
		84CEC3B022B14758008A0196 /* Assets.xcassets in Resources */ = {isa = PBXBuildFile; fileRef = 84CEC3AF22B14758008A0196 /* Assets.xcassets */; };
		84CEC3B322B14758008A0196 /* LaunchScreen.storyboard in Resources */ = {isa = PBXBuildFile; fileRef = 84CEC3B122B14758008A0196 /* LaunchScreen.storyboard */; };
		84CEC3BE22B14758008A0196 /* KakaoSDK_sampleTests.swift in Sources */ = {isa = PBXBuildFile; fileRef = 84CEC3BD22B14758008A0196 /* KakaoSDK_sampleTests.swift */; };
		84CEC3C922B14758008A0196 /* KakaoSDK_sampleUITests.swift in Sources */ = {isa = PBXBuildFile; fileRef = 84CEC3C822B14758008A0196 /* KakaoSDK_sampleUITests.swift */; };
		84CEC3D822B14D60008A0196 /* KakaoOpenSDK.framework in Frameworks */ = {isa = PBXBuildFile; fileRef = 84CEC3D722B14D60008A0196 /* KakaoOpenSDK.framework */; };
		84CEC3D922B14D60008A0196 /* KakaoOpenSDK.framework in Embed Frameworks */ = {isa = PBXBuildFile; fileRef = 84CEC3D722B14D60008A0196 /* KakaoOpenSDK.framework */; settings = {ATTRIBUTES = (CodeSignOnCopy, RemoveHeadersOnCopy, ); }; };
		84CEC3DF22B15EFD008A0196 /* MainVC.swift in Sources */ = {isa = PBXBuildFile; fileRef = 84CEC3DE22B15EFD008A0196 /* MainVC.swift */; };
		84EC605A22B67E51005260FD /* AlertControllerExtension.swift in Sources */ = {isa = PBXBuildFile; fileRef = 84EC605922B67E51005260FD /* AlertControllerExtension.swift */; };
		84EC605C22B6885A005260FD /* ConfigConstants.swift in Sources */ = {isa = PBXBuildFile; fileRef = 84EC605B22B6885A005260FD /* ConfigConstants.swift */; };
/* End PBXBuildFile section */

/* Begin PBXContainerItemProxy section */
		84CEC3BA22B14758008A0196 /* PBXContainerItemProxy */ = {
			isa = PBXContainerItemProxy;
			containerPortal = 84CEC39822B14754008A0196 /* Project object */;
			proxyType = 1;
			remoteGlobalIDString = 84CEC39F22B14754008A0196;
			remoteInfo = KakaoSDK_sample;
		};
		84CEC3C522B14758008A0196 /* PBXContainerItemProxy */ = {
			isa = PBXContainerItemProxy;
			containerPortal = 84CEC39822B14754008A0196 /* Project object */;
			proxyType = 1;
			remoteGlobalIDString = 84CEC39F22B14754008A0196;
			remoteInfo = KakaoSDK_sample;
		};
/* End PBXContainerItemProxy section */

/* Begin PBXCopyFilesBuildPhase section */
		84CEC3DA22B14D60008A0196 /* Embed Frameworks */ = {
			isa = PBXCopyFilesBuildPhase;
			buildActionMask = 2147483647;
			dstPath = "";
			dstSubfolderSpec = 10;
			files = (
				84CEC3D922B14D60008A0196 /* KakaoOpenSDK.framework in Embed Frameworks */,
			);
			name = "Embed Frameworks";
			runOnlyForDeploymentPostprocessing = 0;
		};
/* End PBXCopyFilesBuildPhase section */

/* Begin PBXFileReference section */
		8451555422B2954300BF5D46 /* KakaoSDK_sample-Bridging-Header.h */ = {isa = PBXFileReference; lastKnownFileType = sourcecode.c.h; path = "KakaoSDK_sample-Bridging-Header.h"; sourceTree = "<group>"; };
		845E3EA722B492260042C201 /* IntroVC.swift */ = {isa = PBXFileReference; lastKnownFileType = sourcecode.swift; path = IntroVC.swift; sourceTree = "<group>"; };
		845E3EAD22B52DFD0042C201 /* SignInVC.swift */ = {isa = PBXFileReference; lastKnownFileType = sourcecode.swift; path = SignInVC.swift; sourceTree = "<group>"; };
		845E3EAF22B52FED0042C201 /* UIStoryboardSegueWithCompletion.swift */ = {isa = PBXFileReference; lastKnownFileType = sourcecode.swift; path = UIStoryboardSegueWithCompletion.swift; sourceTree = "<group>"; };
		84CEC3A022B14754008A0196 /* KakaoSDK_sample.app */ = {isa = PBXFileReference; explicitFileType = wrapper.application; includeInIndex = 0; path = KakaoSDK_sample.app; sourceTree = BUILT_PRODUCTS_DIR; };
		84CEC3A322B14754008A0196 /* AppDelegate.swift */ = {isa = PBXFileReference; lastKnownFileType = sourcecode.swift; path = AppDelegate.swift; sourceTree = "<group>"; };
		84CEC3A522B14754008A0196 /* SceneDelegate.swift */ = {isa = PBXFileReference; lastKnownFileType = sourcecode.swift; path = SceneDelegate.swift; sourceTree = "<group>"; };
		84CEC3A722B14754008A0196 /* ViewController.swift */ = {isa = PBXFileReference; lastKnownFileType = sourcecode.swift; path = ViewController.swift; sourceTree = "<group>"; };
		84CEC3AA22B14754008A0196 /* Base */ = {isa = PBXFileReference; lastKnownFileType = file.storyboard; name = Base; path = Base.lproj/Main.storyboard; sourceTree = "<group>"; };
		84CEC3AD22B14754008A0196 /* KakaoSDK_sample.xcdatamodel */ = {isa = PBXFileReference; lastKnownFileType = wrapper.xcdatamodel; path = KakaoSDK_sample.xcdatamodel; sourceTree = "<group>"; };
		84CEC3AF22B14758008A0196 /* Assets.xcassets */ = {isa = PBXFileReference; lastKnownFileType = folder.assetcatalog; path = Assets.xcassets; sourceTree = "<group>"; };
		84CEC3B222B14758008A0196 /* Base */ = {isa = PBXFileReference; lastKnownFileType = file.storyboard; name = Base; path = Base.lproj/LaunchScreen.storyboard; sourceTree = "<group>"; };
		84CEC3B422B14758008A0196 /* Info.plist */ = {isa = PBXFileReference; lastKnownFileType = text.plist.xml; path = Info.plist; sourceTree = "<group>"; };
		84CEC3B922B14758008A0196 /* KakaoSDK_sampleTests.xctest */ = {isa = PBXFileReference; explicitFileType = wrapper.cfbundle; includeInIndex = 0; path = KakaoSDK_sampleTests.xctest; sourceTree = BUILT_PRODUCTS_DIR; };
		84CEC3BD22B14758008A0196 /* KakaoSDK_sampleTests.swift */ = {isa = PBXFileReference; lastKnownFileType = sourcecode.swift; path = KakaoSDK_sampleTests.swift; sourceTree = "<group>"; };
		84CEC3BF22B14758008A0196 /* Info.plist */ = {isa = PBXFileReference; lastKnownFileType = text.plist.xml; path = Info.plist; sourceTree = "<group>"; };
		84CEC3C422B14758008A0196 /* KakaoSDK_sampleUITests.xctest */ = {isa = PBXFileReference; explicitFileType = wrapper.cfbundle; includeInIndex = 0; path = KakaoSDK_sampleUITests.xctest; sourceTree = BUILT_PRODUCTS_DIR; };
		84CEC3C822B14758008A0196 /* KakaoSDK_sampleUITests.swift */ = {isa = PBXFileReference; lastKnownFileType = sourcecode.swift; path = KakaoSDK_sampleUITests.swift; sourceTree = "<group>"; };
		84CEC3CA22B14758008A0196 /* Info.plist */ = {isa = PBXFileReference; lastKnownFileType = text.plist.xml; path = Info.plist; sourceTree = "<group>"; };
		84CEC3D722B14D60008A0196 /* KakaoOpenSDK.framework */ = {isa = PBXFileReference; lastKnownFileType = wrapper.framework; name = KakaoOpenSDK.framework; path = KakaoSDK_sample/KakaoOpenSDK/KakaoOpenSDK.framework; sourceTree = "<group>"; };
		84CEC3DE22B15EFD008A0196 /* MainVC.swift */ = {isa = PBXFileReference; lastKnownFileType = sourcecode.swift; path = MainVC.swift; sourceTree = "<group>"; };
		84EC605922B67E51005260FD /* AlertControllerExtension.swift */ = {isa = PBXFileReference; lastKnownFileType = sourcecode.swift; path = AlertControllerExtension.swift; sourceTree = "<group>"; };
		84EC605B22B6885A005260FD /* ConfigConstants.swift */ = {isa = PBXFileReference; lastKnownFileType = sourcecode.swift; path = ConfigConstants.swift; sourceTree = "<group>"; };
/* End PBXFileReference section */

/* Begin PBXFrameworksBuildPhase section */
		84CEC39D22B14754008A0196 /* Frameworks */ = {
			isa = PBXFrameworksBuildPhase;
			buildActionMask = 2147483647;
			files = (
				84CEC3D822B14D60008A0196 /* KakaoOpenSDK.framework in Frameworks */,
			);
			runOnlyForDeploymentPostprocessing = 0;
		};
		84CEC3B622B14758008A0196 /* Frameworks */ = {
			isa = PBXFrameworksBuildPhase;
			buildActionMask = 2147483647;
			files = (
			);
			runOnlyForDeploymentPostprocessing = 0;
		};
		84CEC3C122B14758008A0196 /* Frameworks */ = {
			isa = PBXFrameworksBuildPhase;
			buildActionMask = 2147483647;
			files = (
			);
			runOnlyForDeploymentPostprocessing = 0;
		};
/* End PBXFrameworksBuildPhase section */

/* Begin PBXGroup section */
		84CEC39722B14754008A0196 = {
			isa = PBXGroup;
			children = (
				84CEC3A222B14754008A0196 /* KakaoSDK_sample */,
				84CEC3BC22B14758008A0196 /* KakaoSDK_sampleTests */,
				84CEC3C722B14758008A0196 /* KakaoSDK_sampleUITests */,
				84CEC3A122B14754008A0196 /* Products */,
				84CEC3D622B14D5F008A0196 /* Frameworks */,
			);
			sourceTree = "<group>";
		};
		84CEC3A122B14754008A0196 /* Products */ = {
			isa = PBXGroup;
			children = (
				84CEC3A022B14754008A0196 /* KakaoSDK_sample.app */,
				84CEC3B922B14758008A0196 /* KakaoSDK_sampleTests.xctest */,
				84CEC3C422B14758008A0196 /* KakaoSDK_sampleUITests.xctest */,
			);
			name = Products;
			sourceTree = "<group>";
		};
		84CEC3A222B14754008A0196 /* KakaoSDK_sample */ = {
			isa = PBXGroup;
			children = (
				84CEC3A322B14754008A0196 /* AppDelegate.swift */,
				84CEC3A522B14754008A0196 /* SceneDelegate.swift */,
				845E3EA722B492260042C201 /* IntroVC.swift */,
				845E3EAD22B52DFD0042C201 /* SignInVC.swift */,
				84CEC3DE22B15EFD008A0196 /* MainVC.swift */,
				84CEC3A722B14754008A0196 /* ViewController.swift */,
				84EC605922B67E51005260FD /* AlertControllerExtension.swift */,
				84CEC3AF22B14758008A0196 /* Assets.xcassets */,
				845E3EAF22B52FED0042C201 /* UIStoryboardSegueWithCompletion.swift */,
				84EC605B22B6885A005260FD /* ConfigConstants.swift */,
				84CEC3B122B14758008A0196 /* LaunchScreen.storyboard */,
				84CEC3A922B14754008A0196 /* Main.storyboard */,
				84CEC3B422B14758008A0196 /* Info.plist */,
				8451555422B2954300BF5D46 /* KakaoSDK_sample-Bridging-Header.h */,
				84CEC3AC22B14754008A0196 /* KakaoSDK_sample.xcdatamodeld */,
			);
			path = KakaoSDK_sample;
			sourceTree = "<group>";
		};
		84CEC3BC22B14758008A0196 /* KakaoSDK_sampleTests */ = {
			isa = PBXGroup;
			children = (
				84CEC3BD22B14758008A0196 /* KakaoSDK_sampleTests.swift */,
				84CEC3BF22B14758008A0196 /* Info.plist */,
			);
			path = KakaoSDK_sampleTests;
			sourceTree = "<group>";
		};
		84CEC3C722B14758008A0196 /* KakaoSDK_sampleUITests */ = {
			isa = PBXGroup;
			children = (
				84CEC3C822B14758008A0196 /* KakaoSDK_sampleUITests.swift */,
				84CEC3CA22B14758008A0196 /* Info.plist */,
			);
			path = KakaoSDK_sampleUITests;
			sourceTree = "<group>";
		};
		84CEC3D622B14D5F008A0196 /* Frameworks */ = {
			isa = PBXGroup;
			children = (
				84CEC3D722B14D60008A0196 /* KakaoOpenSDK.framework */,
			);
			name = Frameworks;
			sourceTree = "<group>";
		};
/* End PBXGroup section */

/* Begin PBXNativeTarget section */
		84CEC39F22B14754008A0196 /* KakaoSDK_sample */ = {
			isa = PBXNativeTarget;
			buildConfigurationList = 84CEC3CD22B14758008A0196 /* Build configuration list for PBXNativeTarget "KakaoSDK_sample" */;
			buildPhases = (
				84CEC39C22B14754008A0196 /* Sources */,
				84CEC39D22B14754008A0196 /* Frameworks */,
				84CEC39E22B14754008A0196 /* Resources */,
				84CEC3DA22B14D60008A0196 /* Embed Frameworks */,
			);
			buildRules = (
			);
			dependencies = (
			);
			name = KakaoSDK_sample;
			productName = KakaoSDK_sample;
			productReference = 84CEC3A022B14754008A0196 /* KakaoSDK_sample.app */;
			productType = "com.apple.product-type.application";
		};
		84CEC3B822B14758008A0196 /* KakaoSDK_sampleTests */ = {
			isa = PBXNativeTarget;
			buildConfigurationList = 84CEC3D022B14758008A0196 /* Build configuration list for PBXNativeTarget "KakaoSDK_sampleTests" */;
			buildPhases = (
				84CEC3B522B14758008A0196 /* Sources */,
				84CEC3B622B14758008A0196 /* Frameworks */,
				84CEC3B722B14758008A0196 /* Resources */,
			);
			buildRules = (
			);
			dependencies = (
				84CEC3BB22B14758008A0196 /* PBXTargetDependency */,
			);
			name = KakaoSDK_sampleTests;
			productName = KakaoSDK_sampleTests;
			productReference = 84CEC3B922B14758008A0196 /* KakaoSDK_sampleTests.xctest */;
			productType = "com.apple.product-type.bundle.unit-test";
		};
		84CEC3C322B14758008A0196 /* KakaoSDK_sampleUITests */ = {
			isa = PBXNativeTarget;
			buildConfigurationList = 84CEC3D322B14758008A0196 /* Build configuration list for PBXNativeTarget "KakaoSDK_sampleUITests" */;
			buildPhases = (
				84CEC3C022B14758008A0196 /* Sources */,
				84CEC3C122B14758008A0196 /* Frameworks */,
				84CEC3C222B14758008A0196 /* Resources */,
			);
			buildRules = (
			);
			dependencies = (
				84CEC3C622B14758008A0196 /* PBXTargetDependency */,
			);
			name = KakaoSDK_sampleUITests;
			productName = KakaoSDK_sampleUITests;
			productReference = 84CEC3C422B14758008A0196 /* KakaoSDK_sampleUITests.xctest */;
			productType = "com.apple.product-type.bundle.ui-testing";
		};
/* End PBXNativeTarget section */

/* Begin PBXProject section */
		84CEC39822B14754008A0196 /* Project object */ = {
			isa = PBXProject;
			attributes = {
				LastSwiftUpdateCheck = 1100;
				LastUpgradeCheck = 1100;
				ORGANIZATIONNAME = Sino;
				TargetAttributes = {
					84CEC39F22B14754008A0196 = {
						CreatedOnToolsVersion = 11.0;
					};
					84CEC3B822B14758008A0196 = {
						CreatedOnToolsVersion = 11.0;
						TestTargetID = 84CEC39F22B14754008A0196;
					};
					84CEC3C322B14758008A0196 = {
						CreatedOnToolsVersion = 11.0;
						TestTargetID = 84CEC39F22B14754008A0196;
					};
				};
			};
			buildConfigurationList = 84CEC39B22B14754008A0196 /* Build configuration list for PBXProject "KakaoSDK_sample" */;
			compatibilityVersion = "Xcode 9.3";
			developmentRegion = en;
			hasScannedForEncodings = 0;
			knownRegions = (
				en,
				Base,
			);
			mainGroup = 84CEC39722B14754008A0196;
			productRefGroup = 84CEC3A122B14754008A0196 /* Products */;
			projectDirPath = "";
			projectRoot = "";
			targets = (
				84CEC39F22B14754008A0196 /* KakaoSDK_sample */,
				84CEC3B822B14758008A0196 /* KakaoSDK_sampleTests */,
				84CEC3C322B14758008A0196 /* KakaoSDK_sampleUITests */,
			);
		};
/* End PBXProject section */

/* Begin PBXResourcesBuildPhase section */
		84CEC39E22B14754008A0196 /* Resources */ = {
			isa = PBXResourcesBuildPhase;
			buildActionMask = 2147483647;
			files = (
				84CEC3B322B14758008A0196 /* LaunchScreen.storyboard in Resources */,
				84CEC3B022B14758008A0196 /* Assets.xcassets in Resources */,
				84CEC3AB22B14754008A0196 /* Main.storyboard in Resources */,
			);
			runOnlyForDeploymentPostprocessing = 0;
		};
		84CEC3B722B14758008A0196 /* Resources */ = {
			isa = PBXResourcesBuildPhase;
			buildActionMask = 2147483647;
			files = (
			);
			runOnlyForDeploymentPostprocessing = 0;
		};
		84CEC3C222B14758008A0196 /* Resources */ = {
			isa = PBXResourcesBuildPhase;
			buildActionMask = 2147483647;
			files = (
			);
			runOnlyForDeploymentPostprocessing = 0;
		};
/* End PBXResourcesBuildPhase section */

/* Begin PBXSourcesBuildPhase section */
		84CEC39C22B14754008A0196 /* Sources */ = {
			isa = PBXSourcesBuildPhase;
			buildActionMask = 2147483647;
			files = (
				84CEC3A822B14754008A0196 /* ViewController.swift in Sources */,
				845E3EB022B52FED0042C201 /* UIStoryboardSegueWithCompletion.swift in Sources */,
				84CEC3DF22B15EFD008A0196 /* MainVC.swift in Sources */,
				84EC605C22B6885A005260FD /* ConfigConstants.swift in Sources */,
				84CEC3A422B14754008A0196 /* AppDelegate.swift in Sources */,
				845E3EAE22B52DFD0042C201 /* SignInVC.swift in Sources */,
				84EC605A22B67E51005260FD /* AlertControllerExtension.swift in Sources */,
				84CEC3AE22B14754008A0196 /* KakaoSDK_sample.xcdatamodeld in Sources */,
				84CEC3A622B14754008A0196 /* SceneDelegate.swift in Sources */,
				845E3EA822B492260042C201 /* IntroVC.swift in Sources */,
			);
			runOnlyForDeploymentPostprocessing = 0;
		};
		84CEC3B522B14758008A0196 /* Sources */ = {
			isa = PBXSourcesBuildPhase;
			buildActionMask = 2147483647;
			files = (
				84CEC3BE22B14758008A0196 /* KakaoSDK_sampleTests.swift in Sources */,
			);
			runOnlyForDeploymentPostprocessing = 0;
		};
		84CEC3C022B14758008A0196 /* Sources */ = {
			isa = PBXSourcesBuildPhase;
			buildActionMask = 2147483647;
			files = (
				84CEC3C922B14758008A0196 /* KakaoSDK_sampleUITests.swift in Sources */,
			);
			runOnlyForDeploymentPostprocessing = 0;
		};
/* End PBXSourcesBuildPhase section */

/* Begin PBXTargetDependency section */
		84CEC3BB22B14758008A0196 /* PBXTargetDependency */ = {
			isa = PBXTargetDependency;
			target = 84CEC39F22B14754008A0196 /* KakaoSDK_sample */;
			targetProxy = 84CEC3BA22B14758008A0196 /* PBXContainerItemProxy */;
		};
		84CEC3C622B14758008A0196 /* PBXTargetDependency */ = {
			isa = PBXTargetDependency;
			target = 84CEC39F22B14754008A0196 /* KakaoSDK_sample */;
			targetProxy = 84CEC3C522B14758008A0196 /* PBXContainerItemProxy */;
		};
/* End PBXTargetDependency section */

/* Begin PBXVariantGroup section */
		84CEC3A922B14754008A0196 /* Main.storyboard */ = {
			isa = PBXVariantGroup;
			children = (
				84CEC3AA22B14754008A0196 /* Base */,
			);
			name = Main.storyboard;
			sourceTree = "<group>";
		};
		84CEC3B122B14758008A0196 /* LaunchScreen.storyboard */ = {
			isa = PBXVariantGroup;
			children = (
				84CEC3B222B14758008A0196 /* Base */,
			);
			name = LaunchScreen.storyboard;
			sourceTree = "<group>";
		};
/* End PBXVariantGroup section */

/* Begin XCBuildConfiguration section */
		84CEC3CB22B14758008A0196 /* Debug */ = {
			isa = XCBuildConfiguration;
			buildSettings = {
				ALWAYS_SEARCH_USER_PATHS = NO;
				CLANG_ANALYZER_NONNULL = YES;
				CLANG_ANALYZER_NUMBER_OBJECT_CONVERSION = YES_AGGRESSIVE;
				CLANG_CXX_LANGUAGE_STANDARD = "gnu++14";
				CLANG_CXX_LIBRARY = "libc++";
				CLANG_ENABLE_MODULES = YES;
				CLANG_ENABLE_OBJC_ARC = YES;
				CLANG_ENABLE_OBJC_WEAK = YES;
				CLANG_WARN_BLOCK_CAPTURE_AUTORELEASING = YES;
				CLANG_WARN_BOOL_CONVERSION = YES;
				CLANG_WARN_COMMA = YES;
				CLANG_WARN_CONSTANT_CONVERSION = YES;
				CLANG_WARN_DEPRECATED_OBJC_IMPLEMENTATIONS = YES;
				CLANG_WARN_DIRECT_OBJC_ISA_USAGE = YES_ERROR;
				CLANG_WARN_DOCUMENTATION_COMMENTS = YES;
				CLANG_WARN_EMPTY_BODY = YES;
				CLANG_WARN_ENUM_CONVERSION = YES;
				CLANG_WARN_INFINITE_RECURSION = YES;
				CLANG_WARN_INT_CONVERSION = YES;
				CLANG_WARN_NON_LITERAL_NULL_CONVERSION = YES;
				CLANG_WARN_OBJC_IMPLICIT_RETAIN_SELF = YES;
				CLANG_WARN_OBJC_LITERAL_CONVERSION = YES;
				CLANG_WARN_OBJC_ROOT_CLASS = YES_ERROR;
				CLANG_WARN_RANGE_LOOP_ANALYSIS = YES;
				CLANG_WARN_STRICT_PROTOTYPES = YES;
				CLANG_WARN_SUSPICIOUS_MOVE = YES;
				CLANG_WARN_UNGUARDED_AVAILABILITY = YES_AGGRESSIVE;
				CLANG_WARN_UNREACHABLE_CODE = YES;
				CLANG_WARN__DUPLICATE_METHOD_MATCH = YES;
				COPY_PHASE_STRIP = NO;
				DEBUG_INFORMATION_FORMAT = dwarf;
				ENABLE_STRICT_OBJC_MSGSEND = YES;
				ENABLE_TESTABILITY = YES;
				GCC_C_LANGUAGE_STANDARD = gnu11;
				GCC_DYNAMIC_NO_PIC = NO;
				GCC_NO_COMMON_BLOCKS = YES;
				GCC_OPTIMIZATION_LEVEL = 0;
				GCC_PREPROCESSOR_DEFINITIONS = (
					"DEBUG=1",
					"$(inherited)",
				);
				GCC_WARN_64_TO_32_BIT_CONVERSION = YES;
				GCC_WARN_ABOUT_RETURN_TYPE = YES_ERROR;
				GCC_WARN_UNDECLARED_SELECTOR = YES;
				GCC_WARN_UNINITIALIZED_AUTOS = YES_AGGRESSIVE;
				GCC_WARN_UNUSED_FUNCTION = YES;
				GCC_WARN_UNUSED_VARIABLE = YES;
				IPHONEOS_DEPLOYMENT_TARGET = 13.0;
				MTL_ENABLE_DEBUG_INFO = INCLUDE_SOURCE;
				MTL_FAST_MATH = YES;
				ONLY_ACTIVE_ARCH = YES;
				SDKROOT = iphoneos;
				SWIFT_ACTIVE_COMPILATION_CONDITIONS = DEBUG;
				SWIFT_OPTIMIZATION_LEVEL = "-Onone";
			};
			name = Debug;
		};
		84CEC3CC22B14758008A0196 /* Release */ = {
			isa = XCBuildConfiguration;
			buildSettings = {
				ALWAYS_SEARCH_USER_PATHS = NO;
				CLANG_ANALYZER_NONNULL = YES;
				CLANG_ANALYZER_NUMBER_OBJECT_CONVERSION = YES_AGGRESSIVE;
				CLANG_CXX_LANGUAGE_STANDARD = "gnu++14";
				CLANG_CXX_LIBRARY = "libc++";
				CLANG_ENABLE_MODULES = YES;
				CLANG_ENABLE_OBJC_ARC = YES;
				CLANG_ENABLE_OBJC_WEAK = YES;
				CLANG_WARN_BLOCK_CAPTURE_AUTORELEASING = YES;
				CLANG_WARN_BOOL_CONVERSION = YES;
				CLANG_WARN_COMMA = YES;
				CLANG_WARN_CONSTANT_CONVERSION = YES;
				CLANG_WARN_DEPRECATED_OBJC_IMPLEMENTATIONS = YES;
				CLANG_WARN_DIRECT_OBJC_ISA_USAGE = YES_ERROR;
				CLANG_WARN_DOCUMENTATION_COMMENTS = YES;
				CLANG_WARN_EMPTY_BODY = YES;
				CLANG_WARN_ENUM_CONVERSION = YES;
				CLANG_WARN_INFINITE_RECURSION = YES;
				CLANG_WARN_INT_CONVERSION = YES;
				CLANG_WARN_NON_LITERAL_NULL_CONVERSION = YES;
				CLANG_WARN_OBJC_IMPLICIT_RETAIN_SELF = YES;
				CLANG_WARN_OBJC_LITERAL_CONVERSION = YES;
				CLANG_WARN_OBJC_ROOT_CLASS = YES_ERROR;
				CLANG_WARN_RANGE_LOOP_ANALYSIS = YES;
				CLANG_WARN_STRICT_PROTOTYPES = YES;
				CLANG_WARN_SUSPICIOUS_MOVE = YES;
				CLANG_WARN_UNGUARDED_AVAILABILITY = YES_AGGRESSIVE;
				CLANG_WARN_UNREACHABLE_CODE = YES;
				CLANG_WARN__DUPLICATE_METHOD_MATCH = YES;
				COPY_PHASE_STRIP = NO;
				DEBUG_INFORMATION_FORMAT = "dwarf-with-dsym";
				ENABLE_NS_ASSERTIONS = NO;
				ENABLE_STRICT_OBJC_MSGSEND = YES;
				GCC_C_LANGUAGE_STANDARD = gnu11;
				GCC_NO_COMMON_BLOCKS = YES;
				GCC_WARN_64_TO_32_BIT_CONVERSION = YES;
				GCC_WARN_ABOUT_RETURN_TYPE = YES_ERROR;
				GCC_WARN_UNDECLARED_SELECTOR = YES;
				GCC_WARN_UNINITIALIZED_AUTOS = YES_AGGRESSIVE;
				GCC_WARN_UNUSED_FUNCTION = YES;
				GCC_WARN_UNUSED_VARIABLE = YES;
				IPHONEOS_DEPLOYMENT_TARGET = 13.0;
				MTL_ENABLE_DEBUG_INFO = NO;
				MTL_FAST_MATH = YES;
				SDKROOT = iphoneos;
				SWIFT_COMPILATION_MODE = wholemodule;
				SWIFT_OPTIMIZATION_LEVEL = "-O";
				VALIDATE_PRODUCT = YES;
			};
			name = Release;
		};
		84CEC3CE22B14758008A0196 /* Debug */ = {
			isa = XCBuildConfiguration;
			buildSettings = {
				ASSETCATALOG_COMPILER_APPICON_NAME = AppIcon;
				CODE_SIGN_STYLE = Automatic;
				FRAMEWORK_SEARCH_PATHS = (
					"$(inherited)",
					"$(PROJECT_DIR)/KakaoSDK_sample/KakaoOpenSDK",
				);
				INFOPLIST_FILE = KakaoSDK_sample/Info.plist;
				LD_RUNPATH_SEARCH_PATHS = (
					"$(inherited)",
					"@executable_path/Frameworks",
				);
				OTHER_LDFLAGS = "-all_load";
				PRODUCT_BUNDLE_IDENTIFIER = "com.Sino.KakaoSDK-sample";
				PRODUCT_NAME = "$(TARGET_NAME)";
				SWIFT_OBJC_BRIDGING_HEADER = "KakaoSDK_sample/KakaoSDK_sample-Bridging-Header.h";
				SWIFT_VERSION = 5.0;
				TARGETED_DEVICE_FAMILY = "1,2";
			};
			name = Debug;
		};
		84CEC3CF22B14758008A0196 /* Release */ = {
			isa = XCBuildConfiguration;
			buildSettings = {
				ASSETCATALOG_COMPILER_APPICON_NAME = AppIcon;
				CODE_SIGN_STYLE = Automatic;
				FRAMEWORK_SEARCH_PATHS = (
					"$(inherited)",
					"$(PROJECT_DIR)/KakaoSDK_sample/KakaoOpenSDK",
				);
				INFOPLIST_FILE = KakaoSDK_sample/Info.plist;
				LD_RUNPATH_SEARCH_PATHS = (
					"$(inherited)",
					"@executable_path/Frameworks",
				);
				OTHER_LDFLAGS = "-all_load";
				PRODUCT_BUNDLE_IDENTIFIER = "com.Sino.KakaoSDK-sample";
				PRODUCT_NAME = "$(TARGET_NAME)";
				SWIFT_OBJC_BRIDGING_HEADER = "KakaoSDK_sample/KakaoSDK_sample-Bridging-Header.h";
				SWIFT_VERSION = 5.0;
				TARGETED_DEVICE_FAMILY = "1,2";
			};
			name = Release;
		};
		84CEC3D122B14758008A0196 /* Debug */ = {
			isa = XCBuildConfiguration;
			buildSettings = {
				ALWAYS_EMBED_SWIFT_STANDARD_LIBRARIES = YES;
				BUNDLE_LOADER = "$(TEST_HOST)";
				CODE_SIGN_STYLE = Automatic;
				INFOPLIST_FILE = KakaoSDK_sampleTests/Info.plist;
				LD_RUNPATH_SEARCH_PATHS = (
					"$(inherited)",
					"@executable_path/Frameworks",
					"@loader_path/Frameworks",
				);
				PRODUCT_BUNDLE_IDENTIFIER = "com.Sino.KakaoSDK-sampleTests";
				PRODUCT_NAME = "$(TARGET_NAME)";
				SWIFT_VERSION = 5.0;
				TARGETED_DEVICE_FAMILY = "1,2";
				TEST_HOST = "$(BUILT_PRODUCTS_DIR)/KakaoSDK_sample.app/KakaoSDK_sample";
			};
			name = Debug;
		};
		84CEC3D222B14758008A0196 /* Release */ = {
			isa = XCBuildConfiguration;
			buildSettings = {
				ALWAYS_EMBED_SWIFT_STANDARD_LIBRARIES = YES;
				BUNDLE_LOADER = "$(TEST_HOST)";
				CODE_SIGN_STYLE = Automatic;
				INFOPLIST_FILE = KakaoSDK_sampleTests/Info.plist;
				LD_RUNPATH_SEARCH_PATHS = (
					"$(inherited)",
					"@executable_path/Frameworks",
					"@loader_path/Frameworks",
				);
				PRODUCT_BUNDLE_IDENTIFIER = "com.Sino.KakaoSDK-sampleTests";
				PRODUCT_NAME = "$(TARGET_NAME)";
				SWIFT_VERSION = 5.0;
				TARGETED_DEVICE_FAMILY = "1,2";
				TEST_HOST = "$(BUILT_PRODUCTS_DIR)/KakaoSDK_sample.app/KakaoSDK_sample";
			};
			name = Release;
		};
		84CEC3D422B14758008A0196 /* Debug */ = {
			isa = XCBuildConfiguration;
			buildSettings = {
				ALWAYS_EMBED_SWIFT_STANDARD_LIBRARIES = YES;
				CODE_SIGN_STYLE = Automatic;
				INFOPLIST_FILE = KakaoSDK_sampleUITests/Info.plist;
				LD_RUNPATH_SEARCH_PATHS = (
					"$(inherited)",
					"@executable_path/Frameworks",
					"@loader_path/Frameworks",
				);
				PRODUCT_BUNDLE_IDENTIFIER = "com.Sino.KakaoSDK-sampleUITests";
				PRODUCT_NAME = "$(TARGET_NAME)";
				SWIFT_VERSION = 5.0;
				TARGETED_DEVICE_FAMILY = "1,2";
				TEST_TARGET_NAME = KakaoSDK_sample;
			};
			name = Debug;
		};
		84CEC3D522B14758008A0196 /* Release */ = {
			isa = XCBuildConfiguration;
			buildSettings = {
				ALWAYS_EMBED_SWIFT_STANDARD_LIBRARIES = YES;
				CODE_SIGN_STYLE = Automatic;
				INFOPLIST_FILE = KakaoSDK_sampleUITests/Info.plist;
				LD_RUNPATH_SEARCH_PATHS = (
					"$(inherited)",
					"@executable_path/Frameworks",
					"@loader_path/Frameworks",
				);
				PRODUCT_BUNDLE_IDENTIFIER = "com.Sino.KakaoSDK-sampleUITests";
				PRODUCT_NAME = "$(TARGET_NAME)";
				SWIFT_VERSION = 5.0;
				TARGETED_DEVICE_FAMILY = "1,2";
				TEST_TARGET_NAME = KakaoSDK_sample;
			};
			name = Release;
		};
/* End XCBuildConfiguration section */

/* Begin XCConfigurationList section */
		84CEC39B22B14754008A0196 /* Build configuration list for PBXProject "KakaoSDK_sample" */ = {
			isa = XCConfigurationList;
			buildConfigurations = (
				84CEC3CB22B14758008A0196 /* Debug */,
				84CEC3CC22B14758008A0196 /* Release */,
			);
			defaultConfigurationIsVisible = 0;
			defaultConfigurationName = Release;
		};
		84CEC3CD22B14758008A0196 /* Build configuration list for PBXNativeTarget "KakaoSDK_sample" */ = {
			isa = XCConfigurationList;
			buildConfigurations = (
				84CEC3CE22B14758008A0196 /* Debug */,
				84CEC3CF22B14758008A0196 /* Release */,
			);
			defaultConfigurationIsVisible = 0;
			defaultConfigurationName = Release;
		};
		84CEC3D022B14758008A0196 /* Build configuration list for PBXNativeTarget "KakaoSDK_sampleTests" */ = {
			isa = XCConfigurationList;
			buildConfigurations = (
				84CEC3D122B14758008A0196 /* Debug */,
				84CEC3D222B14758008A0196 /* Release */,
			);
			defaultConfigurationIsVisible = 0;
			defaultConfigurationName = Release;
		};
		84CEC3D322B14758008A0196 /* Build configuration list for PBXNativeTarget "KakaoSDK_sampleUITests" */ = {
			isa = XCConfigurationList;
			buildConfigurations = (
				84CEC3D422B14758008A0196 /* Debug */,
				84CEC3D522B14758008A0196 /* Release */,
			);
			defaultConfigurationIsVisible = 0;
			defaultConfigurationName = Release;
		};
/* End XCConfigurationList section */

/* Begin XCVersionGroup section */
		84CEC3AC22B14754008A0196 /* KakaoSDK_sample.xcdatamodeld */ = {
			isa = XCVersionGroup;
			children = (
				84CEC3AD22B14754008A0196 /* KakaoSDK_sample.xcdatamodel */,
			);
			currentVersion = 84CEC3AD22B14754008A0196 /* KakaoSDK_sample.xcdatamodel */;
			path = KakaoSDK_sample.xcdatamodeld;
			sourceTree = "<group>";
			versionGroupType = wrapper.xcdatamodel;
		};
/* End XCVersionGroup section */
	};
	rootObject = 84CEC39822B14754008A0196 /* Project object */;
}
