// !$*UTF8*$!
{
	archiveVersion = 1;
	classes = {
	};
	objectVersion = 50;
	objects = {

/* Begin PBXBuildFile section */
		8485CCE322AEA3EA001D26BE /* AppDelegate.swift in Sources */ = {isa = PBXBuildFile; fileRef = 8485CCE222AEA3EA001D26BE /* AppDelegate.swift */; };
		8485CCE522AEA3EA001D26BE /* SceneDelegate.swift in Sources */ = {isa = PBXBuildFile; fileRef = 8485CCE422AEA3EA001D26BE /* SceneDelegate.swift */; };
		8485CCE822AEA3EA001D26BE /* KakaoSDK_sample.xcdatamodeld in Sources */ = {isa = PBXBuildFile; fileRef = 8485CCE622AEA3EA001D26BE /* KakaoSDK_sample.xcdatamodeld */; };
		8485CCEA22AEA3EA001D26BE /* ContentView.swift in Sources */ = {isa = PBXBuildFile; fileRef = 8485CCE922AEA3EA001D26BE /* ContentView.swift */; };
		8485CCEC22AEA3ED001D26BE /* Assets.xcassets in Resources */ = {isa = PBXBuildFile; fileRef = 8485CCEB22AEA3ED001D26BE /* Assets.xcassets */; };
		8485CCEF22AEA3ED001D26BE /* Preview Assets.xcassets in Resources */ = {isa = PBXBuildFile; fileRef = 8485CCEE22AEA3ED001D26BE /* Preview Assets.xcassets */; };
		8485CCF222AEA3ED001D26BE /* LaunchScreen.storyboard in Resources */ = {isa = PBXBuildFile; fileRef = 8485CCF022AEA3ED001D26BE /* LaunchScreen.storyboard */; };
		8485CCFD22AEA3EE001D26BE /* KakaoSDK_sampleTests.swift in Sources */ = {isa = PBXBuildFile; fileRef = 8485CCFC22AEA3EE001D26BE /* KakaoSDK_sampleTests.swift */; };
		8485CD0822AEA3EE001D26BE /* KakaoSDK_sampleUITests.swift in Sources */ = {isa = PBXBuildFile; fileRef = 8485CD0722AEA3EE001D26BE /* KakaoSDK_sampleUITests.swift */; };
		8485CD1722AEA4BA001D26BE /* KakaoOpenSDK.framework in Frameworks */ = {isa = PBXBuildFile; fileRef = 8485CD1622AEA4BA001D26BE /* KakaoOpenSDK.framework */; };
		8485CD1822AEA4BA001D26BE /* KakaoOpenSDK.framework in Embed Frameworks */ = {isa = PBXBuildFile; fileRef = 8485CD1622AEA4BA001D26BE /* KakaoOpenSDK.framework */; settings = {ATTRIBUTES = (CodeSignOnCopy, RemoveHeadersOnCopy, ); }; };
/* End PBXBuildFile section */

/* Begin PBXContainerItemProxy section */
		8485CCF922AEA3ED001D26BE /* PBXContainerItemProxy */ = {
			isa = PBXContainerItemProxy;
			containerPortal = 8485CCD722AEA3EA001D26BE /* Project object */;
			proxyType = 1;
			remoteGlobalIDString = 8485CCDE22AEA3EA001D26BE;
			remoteInfo = KakaoSDK_sample;
		};
		8485CD0422AEA3EE001D26BE /* PBXContainerItemProxy */ = {
			isa = PBXContainerItemProxy;
			containerPortal = 8485CCD722AEA3EA001D26BE /* Project object */;
			proxyType = 1;
			remoteGlobalIDString = 8485CCDE22AEA3EA001D26BE;
			remoteInfo = KakaoSDK_sample;
		};
/* End PBXContainerItemProxy section */

/* Begin PBXCopyFilesBuildPhase section */
		8485CD1922AEA4BA001D26BE /* Embed Frameworks */ = {
			isa = PBXCopyFilesBuildPhase;
			buildActionMask = 2147483647;
			dstPath = "";
			dstSubfolderSpec = 10;
			files = (
				8485CD1822AEA4BA001D26BE /* KakaoOpenSDK.framework in Embed Frameworks */,
			);
			name = "Embed Frameworks";
			runOnlyForDeploymentPostprocessing = 0;
		};
/* End PBXCopyFilesBuildPhase section */

/* Begin PBXFileReference section */
		8485CCDF22AEA3EA001D26BE /* KakaoSDK_sample.app */ = {isa = PBXFileReference; explicitFileType = wrapper.application; includeInIndex = 0; path = KakaoSDK_sample.app; sourceTree = BUILT_PRODUCTS_DIR; };
		8485CCE222AEA3EA001D26BE /* AppDelegate.swift */ = {isa = PBXFileReference; lastKnownFileType = sourcecode.swift; path = AppDelegate.swift; sourceTree = "<group>"; };
		8485CCE422AEA3EA001D26BE /* SceneDelegate.swift */ = {isa = PBXFileReference; lastKnownFileType = sourcecode.swift; path = SceneDelegate.swift; sourceTree = "<group>"; };
		8485CCE722AEA3EA001D26BE /* KakaoSDK_sample.xcdatamodel */ = {isa = PBXFileReference; lastKnownFileType = wrapper.xcdatamodel; path = KakaoSDK_sample.xcdatamodel; sourceTree = "<group>"; };
		8485CCE922AEA3EA001D26BE /* ContentView.swift */ = {isa = PBXFileReference; lastKnownFileType = sourcecode.swift; path = ContentView.swift; sourceTree = "<group>"; };
		8485CCEB22AEA3ED001D26BE /* Assets.xcassets */ = {isa = PBXFileReference; lastKnownFileType = folder.assetcatalog; path = Assets.xcassets; sourceTree = "<group>"; };
		8485CCEE22AEA3ED001D26BE /* Preview Assets.xcassets */ = {isa = PBXFileReference; lastKnownFileType = folder.assetcatalog; path = "Preview Assets.xcassets"; sourceTree = "<group>"; };
		8485CCF122AEA3ED001D26BE /* Base */ = {isa = PBXFileReference; lastKnownFileType = file.storyboard; name = Base; path = Base.lproj/LaunchScreen.storyboard; sourceTree = "<group>"; };
		8485CCF322AEA3ED001D26BE /* Info.plist */ = {isa = PBXFileReference; lastKnownFileType = text.plist.xml; path = Info.plist; sourceTree = "<group>"; };
		8485CCF822AEA3ED001D26BE /* KakaoSDK_sampleTests.xctest */ = {isa = PBXFileReference; explicitFileType = wrapper.cfbundle; includeInIndex = 0; path = KakaoSDK_sampleTests.xctest; sourceTree = BUILT_PRODUCTS_DIR; };
		8485CCFC22AEA3EE001D26BE /* KakaoSDK_sampleTests.swift */ = {isa = PBXFileReference; lastKnownFileType = sourcecode.swift; path = KakaoSDK_sampleTests.swift; sourceTree = "<group>"; };
		8485CCFE22AEA3EE001D26BE /* Info.plist */ = {isa = PBXFileReference; lastKnownFileType = text.plist.xml; path = Info.plist; sourceTree = "<group>"; };
		8485CD0322AEA3EE001D26BE /* KakaoSDK_sampleUITests.xctest */ = {isa = PBXFileReference; explicitFileType = wrapper.cfbundle; includeInIndex = 0; path = KakaoSDK_sampleUITests.xctest; sourceTree = BUILT_PRODUCTS_DIR; };
		8485CD0722AEA3EE001D26BE /* KakaoSDK_sampleUITests.swift */ = {isa = PBXFileReference; lastKnownFileType = sourcecode.swift; path = KakaoSDK_sampleUITests.swift; sourceTree = "<group>"; };
		8485CD0922AEA3EE001D26BE /* Info.plist */ = {isa = PBXFileReference; lastKnownFileType = text.plist.xml; path = Info.plist; sourceTree = "<group>"; };
		8485CD1622AEA4BA001D26BE /* KakaoOpenSDK.framework */ = {isa = PBXFileReference; lastKnownFileType = wrapper.framework; name = KakaoOpenSDK.framework; path = KakaoSDK_sample/KakaoOpenSDK/KakaoOpenSDK.framework; sourceTree = "<group>"; };
		8485CD1A22AEB303001D26BE /* KakaoSDK_sample-Bridging-Header.h */ = {isa = PBXFileReference; lastKnownFileType = sourcecode.c.h; path = "KakaoSDK_sample-Bridging-Header.h"; sourceTree = "<group>"; };
/* End PBXFileReference section */

/* Begin PBXFrameworksBuildPhase section */
		8485CCDC22AEA3EA001D26BE /* Frameworks */ = {
			isa = PBXFrameworksBuildPhase;
			buildActionMask = 2147483647;
			files = (
				8485CD1722AEA4BA001D26BE /* KakaoOpenSDK.framework in Frameworks */,
			);
			runOnlyForDeploymentPostprocessing = 0;
		};
		8485CCF522AEA3ED001D26BE /* Frameworks */ = {
			isa = PBXFrameworksBuildPhase;
			buildActionMask = 2147483647;
			files = (
			);
			runOnlyForDeploymentPostprocessing = 0;
		};
		8485CD0022AEA3EE001D26BE /* Frameworks */ = {
			isa = PBXFrameworksBuildPhase;
			buildActionMask = 2147483647;
			files = (
			);
			runOnlyForDeploymentPostprocessing = 0;
		};
/* End PBXFrameworksBuildPhase section */

/* Begin PBXGroup section */
		8485CCD622AEA3EA001D26BE = {
			isa = PBXGroup;
			children = (
				8485CCE122AEA3EA001D26BE /* KakaoSDK_sample */,
				8485CCFB22AEA3EE001D26BE /* KakaoSDK_sampleTests */,
				8485CD0622AEA3EE001D26BE /* KakaoSDK_sampleUITests */,
				8485CCE022AEA3EA001D26BE /* Products */,
				8485CD1522AEA4BA001D26BE /* Frameworks */,
			);
			sourceTree = "<group>";
		};
		8485CCE022AEA3EA001D26BE /* Products */ = {
			isa = PBXGroup;
			children = (
				8485CCDF22AEA3EA001D26BE /* KakaoSDK_sample.app */,
				8485CCF822AEA3ED001D26BE /* KakaoSDK_sampleTests.xctest */,
				8485CD0322AEA3EE001D26BE /* KakaoSDK_sampleUITests.xctest */,
			);
			name = Products;
			sourceTree = "<group>";
		};
		8485CCE122AEA3EA001D26BE /* KakaoSDK_sample */ = {
			isa = PBXGroup;
			children = (
				8485CCE222AEA3EA001D26BE /* AppDelegate.swift */,
				8485CCE422AEA3EA001D26BE /* SceneDelegate.swift */,
				8485CCE922AEA3EA001D26BE /* ContentView.swift */,
				8485CCEB22AEA3ED001D26BE /* Assets.xcassets */,
				8485CCF022AEA3ED001D26BE /* LaunchScreen.storyboard */,
				8485CCF322AEA3ED001D26BE /* Info.plist */,
				8485CCE622AEA3EA001D26BE /* KakaoSDK_sample.xcdatamodeld */,
				8485CCED22AEA3ED001D26BE /* Preview Content */,
				8485CD1A22AEB303001D26BE /* KakaoSDK_sample-Bridging-Header.h */,
			);
			path = KakaoSDK_sample;
			sourceTree = "<group>";
		};
		8485CCED22AEA3ED001D26BE /* Preview Content */ = {
			isa = PBXGroup;
			children = (
				8485CCEE22AEA3ED001D26BE /* Preview Assets.xcassets */,
			);
			path = "Preview Content";
			sourceTree = "<group>";
		};
		8485CCFB22AEA3EE001D26BE /* KakaoSDK_sampleTests */ = {
			isa = PBXGroup;
			children = (
				8485CCFC22AEA3EE001D26BE /* KakaoSDK_sampleTests.swift */,
				8485CCFE22AEA3EE001D26BE /* Info.plist */,
			);
			path = KakaoSDK_sampleTests;
			sourceTree = "<group>";
		};
		8485CD0622AEA3EE001D26BE /* KakaoSDK_sampleUITests */ = {
			isa = PBXGroup;
			children = (
				8485CD0722AEA3EE001D26BE /* KakaoSDK_sampleUITests.swift */,
				8485CD0922AEA3EE001D26BE /* Info.plist */,
			);
			path = KakaoSDK_sampleUITests;
			sourceTree = "<group>";
		};
		8485CD1522AEA4BA001D26BE /* Frameworks */ = {
			isa = PBXGroup;
			children = (
				8485CD1622AEA4BA001D26BE /* KakaoOpenSDK.framework */,
			);
			name = Frameworks;
			sourceTree = "<group>";
		};
/* End PBXGroup section */

/* Begin PBXNativeTarget section */
		8485CCDE22AEA3EA001D26BE /* KakaoSDK_sample */ = {
			isa = PBXNativeTarget;
			buildConfigurationList = 8485CD0C22AEA3EE001D26BE /* Build configuration list for PBXNativeTarget "KakaoSDK_sample" */;
			buildPhases = (
				8485CCDB22AEA3EA001D26BE /* Sources */,
				8485CCDC22AEA3EA001D26BE /* Frameworks */,
				8485CCDD22AEA3EA001D26BE /* Resources */,
				8485CD1922AEA4BA001D26BE /* Embed Frameworks */,
			);
			buildRules = (
			);
			dependencies = (
			);
			name = KakaoSDK_sample;
			productName = KakaoSDK_sample;
			productReference = 8485CCDF22AEA3EA001D26BE /* KakaoSDK_sample.app */;
			productType = "com.apple.product-type.application";
		};
		8485CCF722AEA3ED001D26BE /* KakaoSDK_sampleTests */ = {
			isa = PBXNativeTarget;
			buildConfigurationList = 8485CD0F22AEA3EE001D26BE /* Build configuration list for PBXNativeTarget "KakaoSDK_sampleTests" */;
			buildPhases = (
				8485CCF422AEA3ED001D26BE /* Sources */,
				8485CCF522AEA3ED001D26BE /* Frameworks */,
				8485CCF622AEA3ED001D26BE /* Resources */,
			);
			buildRules = (
			);
			dependencies = (
				8485CCFA22AEA3ED001D26BE /* PBXTargetDependency */,
			);
			name = KakaoSDK_sampleTests;
			productName = KakaoSDK_sampleTests;
			productReference = 8485CCF822AEA3ED001D26BE /* KakaoSDK_sampleTests.xctest */;
			productType = "com.apple.product-type.bundle.unit-test";
		};
		8485CD0222AEA3EE001D26BE /* KakaoSDK_sampleUITests */ = {
			isa = PBXNativeTarget;
			buildConfigurationList = 8485CD1222AEA3EE001D26BE /* Build configuration list for PBXNativeTarget "KakaoSDK_sampleUITests" */;
			buildPhases = (
				8485CCFF22AEA3EE001D26BE /* Sources */,
				8485CD0022AEA3EE001D26BE /* Frameworks */,
				8485CD0122AEA3EE001D26BE /* Resources */,
			);
			buildRules = (
			);
			dependencies = (
				8485CD0522AEA3EE001D26BE /* PBXTargetDependency */,
			);
			name = KakaoSDK_sampleUITests;
			productName = KakaoSDK_sampleUITests;
			productReference = 8485CD0322AEA3EE001D26BE /* KakaoSDK_sampleUITests.xctest */;
			productType = "com.apple.product-type.bundle.ui-testing";
		};
/* End PBXNativeTarget section */

/* Begin PBXProject section */
		8485CCD722AEA3EA001D26BE /* Project object */ = {
			isa = PBXProject;
			attributes = {
				LastSwiftUpdateCheck = 1100;
				LastUpgradeCheck = 1100;
				ORGANIZATIONNAME = Sino;
				TargetAttributes = {
					8485CCDE22AEA3EA001D26BE = {
						CreatedOnToolsVersion = 11.0;
						LastSwiftMigration = 1100;
					};
					8485CCF722AEA3ED001D26BE = {
						CreatedOnToolsVersion = 11.0;
						TestTargetID = 8485CCDE22AEA3EA001D26BE;
					};
					8485CD0222AEA3EE001D26BE = {
						CreatedOnToolsVersion = 11.0;
						TestTargetID = 8485CCDE22AEA3EA001D26BE;
					};
				};
			};
			buildConfigurationList = 8485CCDA22AEA3EA001D26BE /* Build configuration list for PBXProject "KakaoSDK_sample" */;
			compatibilityVersion = "Xcode 9.3";
			developmentRegion = en;
			hasScannedForEncodings = 0;
			knownRegions = (
				en,
				Base,
			);
			mainGroup = 8485CCD622AEA3EA001D26BE;
			productRefGroup = 8485CCE022AEA3EA001D26BE /* Products */;
			projectDirPath = "";
			projectRoot = "";
			targets = (
				8485CCDE22AEA3EA001D26BE /* KakaoSDK_sample */,
				8485CCF722AEA3ED001D26BE /* KakaoSDK_sampleTests */,
				8485CD0222AEA3EE001D26BE /* KakaoSDK_sampleUITests */,
			);
		};
/* End PBXProject section */

/* Begin PBXResourcesBuildPhase section */
		8485CCDD22AEA3EA001D26BE /* Resources */ = {
			isa = PBXResourcesBuildPhase;
			buildActionMask = 2147483647;
			files = (
				8485CCF222AEA3ED001D26BE /* LaunchScreen.storyboard in Resources */,
				8485CCEF22AEA3ED001D26BE /* Preview Assets.xcassets in Resources */,
				8485CCEC22AEA3ED001D26BE /* Assets.xcassets in Resources */,
			);
			runOnlyForDeploymentPostprocessing = 0;
		};
		8485CCF622AEA3ED001D26BE /* Resources */ = {
			isa = PBXResourcesBuildPhase;
			buildActionMask = 2147483647;
			files = (
			);
			runOnlyForDeploymentPostprocessing = 0;
		};
		8485CD0122AEA3EE001D26BE /* Resources */ = {
			isa = PBXResourcesBuildPhase;
			buildActionMask = 2147483647;
			files = (
			);
			runOnlyForDeploymentPostprocessing = 0;
		};
/* End PBXResourcesBuildPhase section */

/* Begin PBXSourcesBuildPhase section */
		8485CCDB22AEA3EA001D26BE /* Sources */ = {
			isa = PBXSourcesBuildPhase;
			buildActionMask = 2147483647;
			files = (
				8485CCE322AEA3EA001D26BE /* AppDelegate.swift in Sources */,
				8485CCE822AEA3EA001D26BE /* KakaoSDK_sample.xcdatamodeld in Sources */,
				8485CCEA22AEA3EA001D26BE /* ContentView.swift in Sources */,
				8485CCE522AEA3EA001D26BE /* SceneDelegate.swift in Sources */,
			);
			runOnlyForDeploymentPostprocessing = 0;
		};
		8485CCF422AEA3ED001D26BE /* Sources */ = {
			isa = PBXSourcesBuildPhase;
			buildActionMask = 2147483647;
			files = (
				8485CCFD22AEA3EE001D26BE /* KakaoSDK_sampleTests.swift in Sources */,
			);
			runOnlyForDeploymentPostprocessing = 0;
		};
		8485CCFF22AEA3EE001D26BE /* Sources */ = {
			isa = PBXSourcesBuildPhase;
			buildActionMask = 2147483647;
			files = (
				8485CD0822AEA3EE001D26BE /* KakaoSDK_sampleUITests.swift in Sources */,
			);
			runOnlyForDeploymentPostprocessing = 0;
		};
/* End PBXSourcesBuildPhase section */

/* Begin PBXTargetDependency section */
		8485CCFA22AEA3ED001D26BE /* PBXTargetDependency */ = {
			isa = PBXTargetDependency;
			target = 8485CCDE22AEA3EA001D26BE /* KakaoSDK_sample */;
			targetProxy = 8485CCF922AEA3ED001D26BE /* PBXContainerItemProxy */;
		};
		8485CD0522AEA3EE001D26BE /* PBXTargetDependency */ = {
			isa = PBXTargetDependency;
			target = 8485CCDE22AEA3EA001D26BE /* KakaoSDK_sample */;
			targetProxy = 8485CD0422AEA3EE001D26BE /* PBXContainerItemProxy */;
		};
/* End PBXTargetDependency section */

/* Begin PBXVariantGroup section */
		8485CCF022AEA3ED001D26BE /* LaunchScreen.storyboard */ = {
			isa = PBXVariantGroup;
			children = (
				8485CCF122AEA3ED001D26BE /* Base */,
			);
			name = LaunchScreen.storyboard;
			sourceTree = "<group>";
		};
/* End PBXVariantGroup section */

/* Begin XCBuildConfiguration section */
		8485CD0A22AEA3EE001D26BE /* Debug */ = {
			isa = XCBuildConfiguration;
			buildSettings = {
				ALWAYS_SEARCH_USER_PATHS = NO;
				CLANG_ANALYZER_NONNULL = YES;
				CLANG_ANALYZER_NUMBER_OBJECT_CONVERSION = YES_AGGRESSIVE;
				CLANG_CXX_LANGUAGE_STANDARD = "gnu++14";
				CLANG_CXX_LIBRARY = "libc++";
				CLANG_ENABLE_MODULES = YES;
				CLANG_ENABLE_OBJC_ARC = YES;
				CLANG_ENABLE_OBJC_WEAK = YES;
				CLANG_WARN_BLOCK_CAPTURE_AUTORELEASING = YES;
				CLANG_WARN_BOOL_CONVERSION = YES;
				CLANG_WARN_COMMA = YES;
				CLANG_WARN_CONSTANT_CONVERSION = YES;
				CLANG_WARN_DEPRECATED_OBJC_IMPLEMENTATIONS = YES;
				CLANG_WARN_DIRECT_OBJC_ISA_USAGE = YES_ERROR;
				CLANG_WARN_DOCUMENTATION_COMMENTS = YES;
				CLANG_WARN_EMPTY_BODY = YES;
				CLANG_WARN_ENUM_CONVERSION = YES;
				CLANG_WARN_INFINITE_RECURSION = YES;
				CLANG_WARN_INT_CONVERSION = YES;
				CLANG_WARN_NON_LITERAL_NULL_CONVERSION = YES;
				CLANG_WARN_OBJC_IMPLICIT_RETAIN_SELF = YES;
				CLANG_WARN_OBJC_LITERAL_CONVERSION = YES;
				CLANG_WARN_OBJC_ROOT_CLASS = YES_ERROR;
				CLANG_WARN_RANGE_LOOP_ANALYSIS = YES;
				CLANG_WARN_STRICT_PROTOTYPES = YES;
				CLANG_WARN_SUSPICIOUS_MOVE = YES;
				CLANG_WARN_UNGUARDED_AVAILABILITY = YES_AGGRESSIVE;
				CLANG_WARN_UNREACHABLE_CODE = YES;
				CLANG_WARN__DUPLICATE_METHOD_MATCH = YES;
				COPY_PHASE_STRIP = NO;
				DEBUG_INFORMATION_FORMAT = dwarf;
				ENABLE_STRICT_OBJC_MSGSEND = YES;
				ENABLE_TESTABILITY = YES;
				GCC_C_LANGUAGE_STANDARD = gnu11;
				GCC_DYNAMIC_NO_PIC = NO;
				GCC_NO_COMMON_BLOCKS = YES;
				GCC_OPTIMIZATION_LEVEL = 0;
				GCC_PREPROCESSOR_DEFINITIONS = (
					"DEBUG=1",
					"$(inherited)",
				);
				GCC_WARN_64_TO_32_BIT_CONVERSION = YES;
				GCC_WARN_ABOUT_RETURN_TYPE = YES_ERROR;
				GCC_WARN_UNDECLARED_SELECTOR = YES;
				GCC_WARN_UNINITIALIZED_AUTOS = YES_AGGRESSIVE;
				GCC_WARN_UNUSED_FUNCTION = YES;
				GCC_WARN_UNUSED_VARIABLE = YES;
				IPHONEOS_DEPLOYMENT_TARGET = 13.0;
				MTL_ENABLE_DEBUG_INFO = INCLUDE_SOURCE;
				MTL_FAST_MATH = YES;
				ONLY_ACTIVE_ARCH = YES;
				SDKROOT = iphoneos;
				SWIFT_ACTIVE_COMPILATION_CONDITIONS = DEBUG;
				SWIFT_OPTIMIZATION_LEVEL = "-Onone";
			};
			name = Debug;
		};
		8485CD0B22AEA3EE001D26BE /* Release */ = {
			isa = XCBuildConfiguration;
			buildSettings = {
				ALWAYS_SEARCH_USER_PATHS = NO;
				CLANG_ANALYZER_NONNULL = YES;
				CLANG_ANALYZER_NUMBER_OBJECT_CONVERSION = YES_AGGRESSIVE;
				CLANG_CXX_LANGUAGE_STANDARD = "gnu++14";
				CLANG_CXX_LIBRARY = "libc++";
				CLANG_ENABLE_MODULES = YES;
				CLANG_ENABLE_OBJC_ARC = YES;
				CLANG_ENABLE_OBJC_WEAK = YES;
				CLANG_WARN_BLOCK_CAPTURE_AUTORELEASING = YES;
				CLANG_WARN_BOOL_CONVERSION = YES;
				CLANG_WARN_COMMA = YES;
				CLANG_WARN_CONSTANT_CONVERSION = YES;
				CLANG_WARN_DEPRECATED_OBJC_IMPLEMENTATIONS = YES;
				CLANG_WARN_DIRECT_OBJC_ISA_USAGE = YES_ERROR;
				CLANG_WARN_DOCUMENTATION_COMMENTS = YES;
				CLANG_WARN_EMPTY_BODY = YES;
				CLANG_WARN_ENUM_CONVERSION = YES;
				CLANG_WARN_INFINITE_RECURSION = YES;
				CLANG_WARN_INT_CONVERSION = YES;
				CLANG_WARN_NON_LITERAL_NULL_CONVERSION = YES;
				CLANG_WARN_OBJC_IMPLICIT_RETAIN_SELF = YES;
				CLANG_WARN_OBJC_LITERAL_CONVERSION = YES;
				CLANG_WARN_OBJC_ROOT_CLASS = YES_ERROR;
				CLANG_WARN_RANGE_LOOP_ANALYSIS = YES;
				CLANG_WARN_STRICT_PROTOTYPES = YES;
				CLANG_WARN_SUSPICIOUS_MOVE = YES;
				CLANG_WARN_UNGUARDED_AVAILABILITY = YES_AGGRESSIVE;
				CLANG_WARN_UNREACHABLE_CODE = YES;
				CLANG_WARN__DUPLICATE_METHOD_MATCH = YES;
				COPY_PHASE_STRIP = NO;
				DEBUG_INFORMATION_FORMAT = "dwarf-with-dsym";
				ENABLE_NS_ASSERTIONS = NO;
				ENABLE_STRICT_OBJC_MSGSEND = YES;
				GCC_C_LANGUAGE_STANDARD = gnu11;
				GCC_NO_COMMON_BLOCKS = YES;
				GCC_WARN_64_TO_32_BIT_CONVERSION = YES;
				GCC_WARN_ABOUT_RETURN_TYPE = YES_ERROR;
				GCC_WARN_UNDECLARED_SELECTOR = YES;
				GCC_WARN_UNINITIALIZED_AUTOS = YES_AGGRESSIVE;
				GCC_WARN_UNUSED_FUNCTION = YES;
				GCC_WARN_UNUSED_VARIABLE = YES;
				IPHONEOS_DEPLOYMENT_TARGET = 13.0;
				MTL_ENABLE_DEBUG_INFO = NO;
				MTL_FAST_MATH = YES;
				SDKROOT = iphoneos;
				SWIFT_COMPILATION_MODE = wholemodule;
				SWIFT_OPTIMIZATION_LEVEL = "-O";
				VALIDATE_PRODUCT = YES;
			};
			name = Release;
		};
		8485CD0D22AEA3EE001D26BE /* Debug */ = {
			isa = XCBuildConfiguration;
			buildSettings = {
				ASSETCATALOG_COMPILER_APPICON_NAME = AppIcon;
				CLANG_ENABLE_MODULES = YES;
				CODE_SIGN_STYLE = Automatic;
				DEVELOPMENT_ASSET_PATHS = "KakaoSDK_sample/Preview\\ Content";
				ENABLE_PREVIEWS = YES;
				FRAMEWORK_SEARCH_PATHS = (
					"$(inherited)",
					"$(PROJECT_DIR)/KakaoSDK_sample/KakaoOpenSDK",
				);
				INFOPLIST_FILE = KakaoSDK_sample/Info.plist;
				LD_RUNPATH_SEARCH_PATHS = (
					"$(inherited)",
					"@executable_path/Frameworks",
				);
				OTHER_LDFLAGS = "-all_load";
				PRODUCT_BUNDLE_IDENTIFIER = "com.Sino.KakaoSDK-sample";
				PRODUCT_NAME = "$(TARGET_NAME)";
				SWIFT_OBJC_BRIDGING_HEADER = "KakaoSDK_sample/KakaoSDK_sample-Bridging-Header.h";
				SWIFT_OPTIMIZATION_LEVEL = "-Onone";
				SWIFT_VERSION = 5.0;
				TARGETED_DEVICE_FAMILY = "1,2";
			};
			name = Debug;
		};
		8485CD0E22AEA3EE001D26BE /* Release */ = {
			isa = XCBuildConfiguration;
			buildSettings = {
				ASSETCATALOG_COMPILER_APPICON_NAME = AppIcon;
				CLANG_ENABLE_MODULES = YES;
				CODE_SIGN_STYLE = Automatic;
				DEVELOPMENT_ASSET_PATHS = "KakaoSDK_sample/Preview\\ Content";
				ENABLE_PREVIEWS = YES;
				FRAMEWORK_SEARCH_PATHS = (
					"$(inherited)",
					"$(PROJECT_DIR)/KakaoSDK_sample/KakaoOpenSDK",
				);
				INFOPLIST_FILE = KakaoSDK_sample/Info.plist;
				LD_RUNPATH_SEARCH_PATHS = (
					"$(inherited)",
					"@executable_path/Frameworks",
				);
				OTHER_LDFLAGS = "-all_load";
				PRODUCT_BUNDLE_IDENTIFIER = "com.Sino.KakaoSDK-sample";
				PRODUCT_NAME = "$(TARGET_NAME)";
				SWIFT_OBJC_BRIDGING_HEADER = "KakaoSDK_sample/KakaoSDK_sample-Bridging-Header.h";
				SWIFT_VERSION = 5.0;
				TARGETED_DEVICE_FAMILY = "1,2";
			};
			name = Release;
		};
		8485CD1022AEA3EE001D26BE /* Debug */ = {
			isa = XCBuildConfiguration;
			buildSettings = {
				ALWAYS_EMBED_SWIFT_STANDARD_LIBRARIES = YES;
				BUNDLE_LOADER = "$(TEST_HOST)";
				CODE_SIGN_STYLE = Automatic;
				INFOPLIST_FILE = KakaoSDK_sampleTests/Info.plist;
				LD_RUNPATH_SEARCH_PATHS = (
					"$(inherited)",
					"@executable_path/Frameworks",
					"@loader_path/Frameworks",
				);
				PRODUCT_BUNDLE_IDENTIFIER = "com.Sino.KakaoSDK-sampleTests";
				PRODUCT_NAME = "$(TARGET_NAME)";
				SWIFT_VERSION = 5.0;
				TARGETED_DEVICE_FAMILY = "1,2";
				TEST_HOST = "$(BUILT_PRODUCTS_DIR)/KakaoSDK_sample.app/KakaoSDK_sample";
			};
			name = Debug;
		};
		8485CD1122AEA3EE001D26BE /* Release */ = {
			isa = XCBuildConfiguration;
			buildSettings = {
				ALWAYS_EMBED_SWIFT_STANDARD_LIBRARIES = YES;
				BUNDLE_LOADER = "$(TEST_HOST)";
				CODE_SIGN_STYLE = Automatic;
				INFOPLIST_FILE = KakaoSDK_sampleTests/Info.plist;
				LD_RUNPATH_SEARCH_PATHS = (
					"$(inherited)",
					"@executable_path/Frameworks",
					"@loader_path/Frameworks",
				);
				PRODUCT_BUNDLE_IDENTIFIER = "com.Sino.KakaoSDK-sampleTests";
				PRODUCT_NAME = "$(TARGET_NAME)";
				SWIFT_VERSION = 5.0;
				TARGETED_DEVICE_FAMILY = "1,2";
				TEST_HOST = "$(BUILT_PRODUCTS_DIR)/KakaoSDK_sample.app/KakaoSDK_sample";
			};
			name = Release;
		};
		8485CD1322AEA3EE001D26BE /* Debug */ = {
			isa = XCBuildConfiguration;
			buildSettings = {
				ALWAYS_EMBED_SWIFT_STANDARD_LIBRARIES = YES;
				CODE_SIGN_STYLE = Automatic;
				INFOPLIST_FILE = KakaoSDK_sampleUITests/Info.plist;
				LD_RUNPATH_SEARCH_PATHS = (
					"$(inherited)",
					"@executable_path/Frameworks",
					"@loader_path/Frameworks",
				);
				PRODUCT_BUNDLE_IDENTIFIER = "com.Sino.KakaoSDK-sampleUITests";
				PRODUCT_NAME = "$(TARGET_NAME)";
				SWIFT_VERSION = 5.0;
				TARGETED_DEVICE_FAMILY = "1,2";
				TEST_TARGET_NAME = KakaoSDK_sample;
			};
			name = Debug;
		};
		8485CD1422AEA3EE001D26BE /* Release */ = {
			isa = XCBuildConfiguration;
			buildSettings = {
				ALWAYS_EMBED_SWIFT_STANDARD_LIBRARIES = YES;
				CODE_SIGN_STYLE = Automatic;
				INFOPLIST_FILE = KakaoSDK_sampleUITests/Info.plist;
				LD_RUNPATH_SEARCH_PATHS = (
					"$(inherited)",
					"@executable_path/Frameworks",
					"@loader_path/Frameworks",
				);
				PRODUCT_BUNDLE_IDENTIFIER = "com.Sino.KakaoSDK-sampleUITests";
				PRODUCT_NAME = "$(TARGET_NAME)";
				SWIFT_VERSION = 5.0;
				TARGETED_DEVICE_FAMILY = "1,2";
				TEST_TARGET_NAME = KakaoSDK_sample;
			};
			name = Release;
		};
/* End XCBuildConfiguration section */

/* Begin XCConfigurationList section */
		8485CCDA22AEA3EA001D26BE /* Build configuration list for PBXProject "KakaoSDK_sample" */ = {
			isa = XCConfigurationList;
			buildConfigurations = (
				8485CD0A22AEA3EE001D26BE /* Debug */,
				8485CD0B22AEA3EE001D26BE /* Release */,
			);
			defaultConfigurationIsVisible = 0;
			defaultConfigurationName = Release;
		};
		8485CD0C22AEA3EE001D26BE /* Build configuration list for PBXNativeTarget "KakaoSDK_sample" */ = {
			isa = XCConfigurationList;
			buildConfigurations = (
				8485CD0D22AEA3EE001D26BE /* Debug */,
				8485CD0E22AEA3EE001D26BE /* Release */,
			);
			defaultConfigurationIsVisible = 0;
			defaultConfigurationName = Release;
		};
		8485CD0F22AEA3EE001D26BE /* Build configuration list for PBXNativeTarget "KakaoSDK_sampleTests" */ = {
			isa = XCConfigurationList;
			buildConfigurations = (
				8485CD1022AEA3EE001D26BE /* Debug */,
				8485CD1122AEA3EE001D26BE /* Release */,
			);
			defaultConfigurationIsVisible = 0;
			defaultConfigurationName = Release;
		};
		8485CD1222AEA3EE001D26BE /* Build configuration list for PBXNativeTarget "KakaoSDK_sampleUITests" */ = {
			isa = XCConfigurationList;
			buildConfigurations = (
				8485CD1322AEA3EE001D26BE /* Debug */,
				8485CD1422AEA3EE001D26BE /* Release */,
			);
			defaultConfigurationIsVisible = 0;
			defaultConfigurationName = Release;
		};
/* End XCConfigurationList section */

/* Begin XCVersionGroup section */
		8485CCE622AEA3EA001D26BE /* KakaoSDK_sample.xcdatamodeld */ = {
			isa = XCVersionGroup;
			children = (
				8485CCE722AEA3EA001D26BE /* KakaoSDK_sample.xcdatamodel */,
			);
			currentVersion = 8485CCE722AEA3EA001D26BE /* KakaoSDK_sample.xcdatamodel */;
			path = KakaoSDK_sample.xcdatamodeld;
			sourceTree = "<group>";
			versionGroupType = wrapper.xcdatamodel;
		};
/* End XCVersionGroup section */
	};
	rootObject = 8485CCD722AEA3EA001D26BE /* Project object */;
}
